
Microsoft Visual Studio Solution File, Format Version 12.00
# Visual Studio 15
VisualStudioVersion = 15.0.28307.329
MinimumVisualStudioVersion = 10.0.40219.1
Project("{9A19103F-16F7-4668-BE54-9A1E7A4F7556}") = "WindowsEventCollector.ConsoleApp", "WindowsEventCollector.ConsoleApp\WindowsEventCollector.ConsoleApp.csproj", "{595873C3-68AC-4242-8AD6-F8D7905EE228}"
EndProject
Project("{FAE04EC0-301F-11D3-BF4B-00C04F79EFBC}") = "WindowsEventCollector", "WindowsEventCollector\WindowsEventCollector.csproj", "{9C9B70C9-22AA-4F52-AF04-25BAC7ED84F8}"
EndProject
Global
	GlobalSection(SolutionConfigurationPlatforms) = preSolution
		Debug|Any CPU = Debug|Any CPU
		Release|Any CPU = Release|Any CPU
	EndGlobalSection
	GlobalSection(ProjectConfigurationPlatforms) = postSolution
		{595873C3-68AC-4242-8AD6-F8D7905EE228}.Debug|Any CPU.ActiveCfg = Debug|Any CPU
		{595873C3-68AC-4242-8AD6-F8D7905EE228}.Debug|Any CPU.Build.0 = Debug|Any CPU
		{595873C3-68AC-4242-8AD6-F8D7905EE228}.Release|Any CPU.ActiveCfg = Release|Any CPU
		{595873C3-68AC-4242-8AD6-F8D7905EE228}.Release|Any CPU.Build.0 = Release|Any CPU
		{9C9B70C9-22AA-4F52-AF04-25BAC7ED84F8}.Debug|Any CPU.ActiveCfg = Debug|Any CPU
		{9C9B70C9-22AA-4F52-AF04-25BAC7ED84F8}.Debug|Any CPU.Build.0 = Debug|Any CPU
		{9C9B70C9-22AA-4F52-AF04-25BAC7ED84F8}.Release|Any CPU.ActiveCfg = Release|Any CPU
		{9C9B70C9-22AA-4F52-AF04-25BAC7ED84F8}.Release|Any CPU.Build.0 = Release|Any CPU
	EndGlobalSection
	GlobalSection(SolutionProperties) = preSolution
		HideSolutionNode = FALSE
	EndGlobalSection
	GlobalSection(ExtensibilityGlobals) = postSolution
		SolutionGuid = {023A0F24-2E3E-455A-96E0-436DFE1DD24B}
	EndGlobalSection
EndGlobal
